
Microsoft Visual Studio Solution File, Format Version 12.00
# Visual Studio Version 16
VisualStudioVersion = 16.0.31112.23
MinimumVisualStudioVersion = 10.0.40219.1
Project("{FAE04EC0-301F-11D3-BF4B-00C04F79EFBC}") = "Attendance System", "Attendance System\Attendance System.csproj", "{35CC4BC2-E5AC-42AA-9D62-945D901D8D1F}"
EndProject
Global
	GlobalSection(SolutionConfigurationPlatforms) = preSolution
		Debug|Any CPU = Debug|Any CPU
		Release|Any CPU = Release|Any CPU
	EndGlobalSection
	GlobalSection(ProjectConfigurationPlatforms) = postSolution
		{35CC4BC2-E5AC-42AA-9D62-945D901D8D1F}.Debug|Any CPU.ActiveCfg = Debug|Any CPU
		{35CC4BC2-E5AC-42AA-9D62-945D901D8D1F}.Debug|Any CPU.Build.0 = Debug|Any CPU
		{35CC4BC2-E5AC-42AA-9D62-945D901D8D1F}.Release|Any CPU.ActiveCfg = Release|Any CPU
		{35CC4BC2-E5AC-42AA-9D62-945D901D8D1F}.Release|Any CPU.Build.0 = Release|Any CPU
	EndGlobalSection
	GlobalSection(SolutionProperties) = preSolution
		HideSolutionNode = FALSE
	EndGlobalSection
	GlobalSection(ExtensibilityGlobals) = postSolution
		SolutionGuid = {1C149E60-BD7B-401C-87EF-355E55FAB3C8}
	EndGlobalSection
EndGlobal
